
Microsoft Visual Studio Solution File, Format Version 12.00
# Visual Studio Version 17
VisualStudioVersion = 17.8.34330.188
MinimumVisualStudioVersion = 10.0.40219.1
Project("{FAE04EC0-301F-11D3-BF4B-00C04F79EFBC}") = "Texttospeech", "Texttospeech\Texttospeech.csproj", "{C789B96E-2A07-4075-BA4D-F4938B21108E}"
EndProject
Global
	GlobalSection(SolutionConfigurationPlatforms) = preSolution
		Debug|Any CPU = Debug|Any CPU
		Release|Any CPU = Release|Any CPU
	EndGlobalSection
	GlobalSection(ProjectConfigurationPlatforms) = postSolution
		{C789B96E-2A07-4075-BA4D-F4938B21108E}.Debug|Any CPU.ActiveCfg = Debug|Any CPU
		{C789B96E-2A07-4075-BA4D-F4938B21108E}.Debug|Any CPU.Build.0 = Debug|Any CPU
		{C789B96E-2A07-4075-BA4D-F4938B21108E}.Release|Any CPU.ActiveCfg = Release|Any CPU
		{C789B96E-2A07-4075-BA4D-F4938B21108E}.Release|Any CPU.Build.0 = Release|Any CPU
	EndGlobalSection
	GlobalSection(SolutionProperties) = preSolution
		HideSolutionNode = FALSE
	EndGlobalSection
	GlobalSection(ExtensibilityGlobals) = postSolution
		SolutionGuid = {AF66C0A2-3169-4D58-B027-0E8BD6387795}
	EndGlobalSection
EndGlobal
